
Microsoft Visual Studio Solution File, Format Version 12.00
# Visual Studio Version 17
VisualStudioVersion = 17.0.31512.422
MinimumVisualStudioVersion = 10.0.40219.1
Project("{FAE04EC0-301F-11D3-BF4B-00C04F79EFBC}") = "FileWriting", "FileWriting\FileWriting.csproj", "{AD7D67EA-1BBB-48EF-AB87-F8FD7230009B}"
EndProject
Global
	GlobalSection(SolutionConfigurationPlatforms) = preSolution
		Debug|Any CPU = Debug|Any CPU
		Release|Any CPU = Release|Any CPU
	EndGlobalSection
	GlobalSection(ProjectConfigurationPlatforms) = postSolution
		{AD7D67EA-1BBB-48EF-AB87-F8FD7230009B}.Debug|Any CPU.ActiveCfg = Debug|Any CPU
		{AD7D67EA-1BBB-48EF-AB87-F8FD7230009B}.Debug|Any CPU.Build.0 = Debug|Any CPU
		{AD7D67EA-1BBB-48EF-AB87-F8FD7230009B}.Release|Any CPU.ActiveCfg = Release|Any CPU
		{AD7D67EA-1BBB-48EF-AB87-F8FD7230009B}.Release|Any CPU.Build.0 = Release|Any CPU
	EndGlobalSection
	GlobalSection(SolutionProperties) = preSolution
		HideSolutionNode = FALSE
	EndGlobalSection
	GlobalSection(ExtensibilityGlobals) = postSolution
		SolutionGuid = {F39FAB98-85FF-4AA2-8B83-AC72BD7CD956}
	EndGlobalSection
EndGlobal
